<?xml version="1.0" encoding="utf-8"?>
<Project ToolsVersion="4.0" xmlns="http://schemas.microsoft.com/developer/msbuild/2003">
  <ItemGroup>
    <Filter Include="소스 파일">
      <UniqueIdentifier>{4FC737F1-C7A5-4376-A066-2A32D752A2FF}</UniqueIdentifier>
      <Extensions>cpp;c;cc;cxx;def;odl;idl;hpj;bat;asm;asmx</Extensions>
    </Filter>
    <Filter Include="헤더 파일">
      <UniqueIdentifier>{93995380-89BD-4b04-88EB-625FBE52EBFB}</UniqueIdentifier>
      <Extensions>h;hh;hpp;hxx;hm;inl;inc;ipp;xsd</Extensions>
    </Filter>
    <Filter Include="리소스 파일">
      <UniqueIdentifier>{67DA6AB6-F800-4c08-8B7A-83BB121AAD01}</UniqueIdentifier>
      <Extensions>rc;ico;cur;bmp;dlg;rc2;rct;bin;rgs;gif;jpg;jpeg;jpe;resx;tiff;tif;png;wav;mfcribbon-ms</Extensions>
    </Filter>
    <Filter Include="소스 파일\Practice">
      <UniqueIdentifier>{41ba5541-d917-47a7-8bc1-cbfe54834280}</UniqueIdentifier>
    </Filter>
    <Filter Include="소스 파일\Problem">
      <UniqueIdentifier>{39b51c3b-508d-4990-bdc1-f59b8c94d53a}</UniqueIdentifier>
    </Filter>
    <Filter Include="소스 파일\Practice\Chapter01">
      <UniqueIdentifier>{32456442-cd94-4624-87ad-343fbcd3e0d7}</UniqueIdentifier>
    </Filter>
    <Filter Include="소스 파일\Practice\Chapter02">
      <UniqueIdentifier>{31d6c593-7654-47df-84da-a9d446ba56a6}</UniqueIdentifier>
    </Filter>
    <Filter Include="소스 파일\Problem\Chapter01">
      <UniqueIdentifier>{246f1329-0001-4ad5-a6e9-3ea7452c98d6}</UniqueIdentifier>
    </Filter>
    <Filter Include="소스 파일\Problem\Chapter02">
      <UniqueIdentifier>{1b9d05ee-d8f7-4b05-a20e-da5660481023}</UniqueIdentifier>
    </Filter>
  </ItemGroup>
  <ItemGroup>
    <ClCompile Include="prob_01_01_01.cpp">
      <Filter>소스 파일\Problem\Chapter01</Filter>
    </ClCompile>
    <ClCompile Include="prob_01_01_02.cpp">
      <Filter>소스 파일\Problem\Chapter01</Filter>
    </ClCompile>
    <ClCompile Include="prob_01_01_03.cpp">
      <Filter>소스 파일\Problem\Chapter01</Filter>
    </ClCompile>
    <ClCompile Include="prob_01_01_04.cpp">
      <Filter>소스 파일\Problem\Chapter01</Filter>
    </ClCompile>
    <ClCompile Include="prob_01_02_01.cpp">
      <Filter>소스 파일\Problem\Chapter01</Filter>
    </ClCompile>
    <ClCompile Include="01_01_01_HelloWorld.cpp">
      <Filter>소스 파일\Practice\Chapter01</Filter>
    </ClCompile>
    <ClCompile Include="01_01_02_SimpleAdder.cpp">
      <Filter>소스 파일\Practice\Chapter01</Filter>
    </ClCompile>
    <ClCompile Include="01_01_03_BetweenAdder.cpp">
      <Filter>소스 파일\Practice\Chapter01</Filter>
    </ClCompile>
    <ClCompile Include="01_01_04_SimpleIO.cpp">
      <Filter>소스 파일\Practice\Chapter01</Filter>
    </ClCompile>
    <ClCompile Include="01_02_01_FunctionOverloading.cpp">
      <Filter>소스 파일\Practice\Chapter01</Filter>
    </ClCompile>
    <ClCompile Include="01_03_01_DefaultValue1.cpp">
      <Filter>소스 파일\Practice\Chapter01</Filter>
    </ClCompile>
  </ItemGroup>
</Project>